
Microsoft Visual Studio Solution File, Format Version 12.00
# Visual Studio Version 17
VisualStudioVersion = 17.3.32929.385
MinimumVisualStudioVersion = 10.0.40219.1
Project("{FAE04EC0-301F-11D3-BF4B-00C04F79EFBC}") = "MathLibrary", "MathLibrary\MathLibrary.csproj", "{28266D4D-BEFA-44F4-9C8B-71FC6741ADC7}"
EndProject
Project("{FAE04EC0-301F-11D3-BF4B-00C04F79EFBC}") = "Lab7", "Lab7\Lab7.csproj", "{38BBE869-2B08-40FA-8ED4-2DAD3490A1AA}"
EndProject
Global
	GlobalSection(SolutionConfigurationPlatforms) = preSolution
		Debug|Any CPU = Debug|Any CPU
		Release|Any CPU = Release|Any CPU
	EndGlobalSection
	GlobalSection(ProjectConfigurationPlatforms) = postSolution
		{28266D4D-BEFA-44F4-9C8B-71FC6741ADC7}.Debug|Any CPU.ActiveCfg = Debug|Any CPU
		{28266D4D-BEFA-44F4-9C8B-71FC6741ADC7}.Debug|Any CPU.Build.0 = Debug|Any CPU
		{28266D4D-BEFA-44F4-9C8B-71FC6741ADC7}.Release|Any CPU.ActiveCfg = Release|Any CPU
		{28266D4D-BEFA-44F4-9C8B-71FC6741ADC7}.Release|Any CPU.Build.0 = Release|Any CPU
		{38BBE869-2B08-40FA-8ED4-2DAD3490A1AA}.Debug|Any CPU.ActiveCfg = Debug|Any CPU
		{38BBE869-2B08-40FA-8ED4-2DAD3490A1AA}.Debug|Any CPU.Build.0 = Debug|Any CPU
		{38BBE869-2B08-40FA-8ED4-2DAD3490A1AA}.Release|Any CPU.ActiveCfg = Release|Any CPU
		{38BBE869-2B08-40FA-8ED4-2DAD3490A1AA}.Release|Any CPU.Build.0 = Release|Any CPU
	EndGlobalSection
	GlobalSection(SolutionProperties) = preSolution
		HideSolutionNode = FALSE
	EndGlobalSection
	GlobalSection(ExtensibilityGlobals) = postSolution
		SolutionGuid = {2852BA4C-B82F-498D-8777-6EAC1F06D375}
	EndGlobalSection
EndGlobal
