
Microsoft Visual Studio Solution File, Format Version 12.00
# Visual Studio Version 17
VisualStudioVersion = 17.8.34525.116
MinimumVisualStudioVersion = 10.0.40219.1
Project("{FAE04EC0-301F-11D3-BF4B-00C04F79EFBC}") = "MauiApp1", "MauiApp1.csproj", "{D17AEF59-B475-4CA3-B523-B40382FFA026}"
EndProject
Global
	GlobalSection(SolutionConfigurationPlatforms) = preSolution
		Debug|Any CPU = Debug|Any CPU
		Release|Any CPU = Release|Any CPU
	EndGlobalSection
	GlobalSection(ProjectConfigurationPlatforms) = postSolution
		{D17AEF59-B475-4CA3-B523-B40382FFA026}.Debug|Any CPU.ActiveCfg = Debug|Any CPU
		{D17AEF59-B475-4CA3-B523-B40382FFA026}.Debug|Any CPU.Build.0 = Debug|Any CPU
		{D17AEF59-B475-4CA3-B523-B40382FFA026}.Debug|Any CPU.Deploy.0 = Debug|Any CPU
		{D17AEF59-B475-4CA3-B523-B40382FFA026}.Release|Any CPU.ActiveCfg = Release|Any CPU
		{D17AEF59-B475-4CA3-B523-B40382FFA026}.Release|Any CPU.Build.0 = Release|Any CPU
		{D17AEF59-B475-4CA3-B523-B40382FFA026}.Release|Any CPU.Deploy.0 = Release|Any CPU
	EndGlobalSection
	GlobalSection(SolutionProperties) = preSolution
		HideSolutionNode = FALSE
	EndGlobalSection
	GlobalSection(ExtensibilityGlobals) = postSolution
		SolutionGuid = {E51381D5-B161-4F42-9164-379CD7D7D222}
	EndGlobalSection
EndGlobal
