
Microsoft Visual Studio Solution File, Format Version 12.00
# Visual Studio Version 17
VisualStudioVersion = 17.9.34607.119
MinimumVisualStudioVersion = 10.0.40219.1
Project("{FAE04EC0-301F-11D3-BF4B-00C04F79EFBC}") = "AndroidAppTest", "AndroidAppTest.csproj", "{D3EC2312-86DA-411D-A5E1-596792428C29}"
EndProject
Global
	GlobalSection(SolutionConfigurationPlatforms) = preSolution
		Debug|Any CPU = Debug|Any CPU
		Release|Any CPU = Release|Any CPU
	EndGlobalSection
	GlobalSection(ProjectConfigurationPlatforms) = postSolution
		{D3EC2312-86DA-411D-A5E1-596792428C29}.Debug|Any CPU.ActiveCfg = Debug|Any CPU
		{D3EC2312-86DA-411D-A5E1-596792428C29}.Debug|Any CPU.Build.0 = Debug|Any CPU
		{D3EC2312-86DA-411D-A5E1-596792428C29}.Debug|Any CPU.Deploy.0 = Debug|Any CPU
		{D3EC2312-86DA-411D-A5E1-596792428C29}.Release|Any CPU.ActiveCfg = Release|Any CPU
		{D3EC2312-86DA-411D-A5E1-596792428C29}.Release|Any CPU.Build.0 = Release|Any CPU
		{D3EC2312-86DA-411D-A5E1-596792428C29}.Release|Any CPU.Deploy.0 = Release|Any CPU
	EndGlobalSection
	GlobalSection(SolutionProperties) = preSolution
		HideSolutionNode = FALSE
	EndGlobalSection
	GlobalSection(ExtensibilityGlobals) = postSolution
		SolutionGuid = {7ACAA463-6AD2-4858-9547-8FDB8A42694C}
	EndGlobalSection
EndGlobal
