
Microsoft Visual Studio Solution File, Format Version 12.00
# Visual Studio Version 17
VisualStudioVersion = 17.8.34525.116
MinimumVisualStudioVersion = 10.0.40219.1
Project("{8BC9CEB8-8B4A-11D0-8D11-00A0C91BC942}") = "Lab1", "Lab1\Lab1.vcxproj", "{7543E631-84C5-40B5-BAB0-DC30F23D847F}"
EndProject
Global
	GlobalSection(SolutionConfigurationPlatforms) = preSolution
		Debug|x64 = Debug|x64
		Debug|x86 = Debug|x86
		Release|x64 = Release|x64
		Release|x86 = Release|x86
	EndGlobalSection
	GlobalSection(ProjectConfigurationPlatforms) = postSolution
		{7543E631-84C5-40B5-BAB0-DC30F23D847F}.Debug|x64.ActiveCfg = Debug|x64
		{7543E631-84C5-40B5-BAB0-DC30F23D847F}.Debug|x64.Build.0 = Debug|x64
		{7543E631-84C5-40B5-BAB0-DC30F23D847F}.Debug|x86.ActiveCfg = Debug|Win32
		{7543E631-84C5-40B5-BAB0-DC30F23D847F}.Debug|x86.Build.0 = Debug|Win32
		{7543E631-84C5-40B5-BAB0-DC30F23D847F}.Release|x64.ActiveCfg = Release|x64
		{7543E631-84C5-40B5-BAB0-DC30F23D847F}.Release|x64.Build.0 = Release|x64
		{7543E631-84C5-40B5-BAB0-DC30F23D847F}.Release|x86.ActiveCfg = Release|Win32
		{7543E631-84C5-40B5-BAB0-DC30F23D847F}.Release|x86.Build.0 = Release|Win32
	EndGlobalSection
	GlobalSection(SolutionProperties) = preSolution
		HideSolutionNode = FALSE
	EndGlobalSection
	GlobalSection(ExtensibilityGlobals) = postSolution
		SolutionGuid = {3FD3729D-5E97-4E46-9C71-099D714D8BEF}
	EndGlobalSection
EndGlobal
